
Microsoft Visual Studio Solution File, Format Version 12.00
# Visual Studio Version 17
VisualStudioVersion = 17.1.32319.34
MinimumVisualStudioVersion = 10.0.40219.1
Project("{8BC9CEB8-8B4A-11D0-8D11-00A0C91BC942}") = "Tek Yonlu Dairesel Liste Musteri Kayit Uygulamasi", "Tek Yonlu Dairesel Liste Musteri Kayit Uygulamasi\Tek Yonlu Dairesel Liste Musteri Kayit Uygulamasi.vcxproj", "{A97544BE-5CF1-4833-BC56-A3FA1C59CFCC}"
EndProject
Project("{8BC9CEB8-8B4A-11D0-8D11-00A0C91BC942}") = "Tek yonlu dairesel liste notlari", "Tek yonlu dairesel liste notlari\Tek yonlu dairesel liste notlari.vcxproj", "{B8B9A2EB-9F46-410A-AB67-EA7EAC61922A}"
EndProject
Global
	GlobalSection(SolutionConfigurationPlatforms) = preSolution
		Debug|x64 = Debug|x64
		Debug|x86 = Debug|x86
		Release|x64 = Release|x64
		Release|x86 = Release|x86
	EndGlobalSection
	GlobalSection(ProjectConfigurationPlatforms) = postSolution
		{A97544BE-5CF1-4833-BC56-A3FA1C59CFCC}.Debug|x64.ActiveCfg = Debug|x64
		{A97544BE-5CF1-4833-BC56-A3FA1C59CFCC}.Debug|x64.Build.0 = Debug|x64
		{A97544BE-5CF1-4833-BC56-A3FA1C59CFCC}.Debug|x86.ActiveCfg = Debug|Win32
		{A97544BE-5CF1-4833-BC56-A3FA1C59CFCC}.Debug|x86.Build.0 = Debug|Win32
		{A97544BE-5CF1-4833-BC56-A3FA1C59CFCC}.Release|x64.ActiveCfg = Release|x64
		{A97544BE-5CF1-4833-BC56-A3FA1C59CFCC}.Release|x64.Build.0 = Release|x64
		{A97544BE-5CF1-4833-BC56-A3FA1C59CFCC}.Release|x86.ActiveCfg = Release|Win32
		{A97544BE-5CF1-4833-BC56-A3FA1C59CFCC}.Release|x86.Build.0 = Release|Win32
		{B8B9A2EB-9F46-410A-AB67-EA7EAC61922A}.Debug|x64.ActiveCfg = Debug|x64
		{B8B9A2EB-9F46-410A-AB67-EA7EAC61922A}.Debug|x64.Build.0 = Debug|x64
		{B8B9A2EB-9F46-410A-AB67-EA7EAC61922A}.Debug|x86.ActiveCfg = Debug|Win32
		{B8B9A2EB-9F46-410A-AB67-EA7EAC61922A}.Debug|x86.Build.0 = Debug|Win32
		{B8B9A2EB-9F46-410A-AB67-EA7EAC61922A}.Release|x64.ActiveCfg = Release|x64
		{B8B9A2EB-9F46-410A-AB67-EA7EAC61922A}.Release|x64.Build.0 = Release|x64
		{B8B9A2EB-9F46-410A-AB67-EA7EAC61922A}.Release|x86.ActiveCfg = Release|Win32
		{B8B9A2EB-9F46-410A-AB67-EA7EAC61922A}.Release|x86.Build.0 = Release|Win32
	EndGlobalSection
	GlobalSection(SolutionProperties) = preSolution
		HideSolutionNode = FALSE
	EndGlobalSection
	GlobalSection(ExtensibilityGlobals) = postSolution
		SolutionGuid = {3C57330A-E3EA-4E04-9503-A7DFCDB73C1F}
	EndGlobalSection
EndGlobal
